// !$*UTF8*$!
{
	archiveVersion = 1;
	classes = {
	};
	objectVersion = 55;
	objects = {

/* Begin PBXBuildFile section */
		434160092834ECBA00973F1B /* EditHabbitViewController.swift in Sources */ = {isa = PBXBuildFile; fileRef = 434160082834ECBA00973F1B /* EditHabbitViewController.swift */; };
		4341600B2834FCD500973F1B /* HabitDetailsViewController.swift in Sources */ = {isa = PBXBuildFile; fileRef = 4341600A2834FCD500973F1B /* HabitDetailsViewController.swift */; };
		4341600D283507E200973F1B /* DetailsTableViewCell.swift in Sources */ = {isa = PBXBuildFile; fileRef = 4341600C283507E200973F1B /* DetailsTableViewCell.swift */; };
		439E2F2B282E6B9D00298F2E /* AppDelegate.swift in Sources */ = {isa = PBXBuildFile; fileRef = 439E2F2A282E6B9D00298F2E /* AppDelegate.swift */; };
		439E2F2D282E6B9D00298F2E /* SceneDelegate.swift in Sources */ = {isa = PBXBuildFile; fileRef = 439E2F2C282E6B9D00298F2E /* SceneDelegate.swift */; };
		439E2F2F282E6B9D00298F2E /* ViewController.swift in Sources */ = {isa = PBXBuildFile; fileRef = 439E2F2E282E6B9D00298F2E /* ViewController.swift */; };
		439E2F32282E6B9D00298F2E /* Main.storyboard in Resources */ = {isa = PBXBuildFile; fileRef = 439E2F30282E6B9D00298F2E /* Main.storyboard */; };
		439E2F34282E6BA500298F2E /* Assets.xcassets in Resources */ = {isa = PBXBuildFile; fileRef = 439E2F33282E6BA500298F2E /* Assets.xcassets */; };
		439E2F37282E6BA500298F2E /* LaunchScreen.storyboard in Resources */ = {isa = PBXBuildFile; fileRef = 439E2F35282E6BA500298F2E /* LaunchScreen.storyboard */; };
		439E2F3F282E759900298F2E /* HabitsStore.swift in Sources */ = {isa = PBXBuildFile; fileRef = 439E2F3E282E759900298F2E /* HabitsStore.swift */; };
		439E2F43282E7C5300298F2E /* InfoViewController.swift in Sources */ = {isa = PBXBuildFile; fileRef = 439E2F42282E7C5300298F2E /* InfoViewController.swift */; };
		439E2F45282E7C9B00298F2E /* HabitsViewController.swift in Sources */ = {isa = PBXBuildFile; fileRef = 439E2F44282E7C9B00298F2E /* HabitsViewController.swift */; };
		439E2F4A282E9D1000298F2E /* AddHabitViewController.swift in Sources */ = {isa = PBXBuildFile; fileRef = 439E2F49282E9D1000298F2E /* AddHabitViewController.swift */; };
		43B454B728323CDF006354FD /* ProgressCollectionViewCell.swift in Sources */ = {isa = PBXBuildFile; fileRef = 43B454B628323CDF006354FD /* ProgressCollectionViewCell.swift */; };
		43B454B928323CED006354FD /* HabitCollectionViewCell.swift in Sources */ = {isa = PBXBuildFile; fileRef = 43B454B828323CED006354FD /* HabitCollectionViewCell.swift */; };
		43B454BC28328F3F006354FD /* UIView+Extension.swift in Sources */ = {isa = PBXBuildFile; fileRef = 43B454BB28328F3F006354FD /* UIView+Extension.swift */; };
		43BAE8A22833A92C003E852F /* CheckMark.swift in Sources */ = {isa = PBXBuildFile; fileRef = 43BAE8A12833A92C003E852F /* CheckMark.swift */; };
		43DA4A562843BC4F0001DAC3 /* TableViewCell.swift in Sources */ = {isa = PBXBuildFile; fileRef = 43DA4A552843BC4F0001DAC3 /* TableViewCell.swift */; };
		43EDE4BD28393E1500F66456 /* LaunchHabbitViewController.swift in Sources */ = {isa = PBXBuildFile; fileRef = 43EDE4BC28393E1500F66456 /* LaunchHabbitViewController.swift */; };
/* End PBXBuildFile section */

/* Begin PBXFileReference section */
		434160082834ECBA00973F1B /* EditHabbitViewController.swift */ = {isa = PBXFileReference; lastKnownFileType = sourcecode.swift; path = EditHabbitViewController.swift; sourceTree = "<group>"; };
		4341600A2834FCD500973F1B /* HabitDetailsViewController.swift */ = {isa = PBXFileReference; lastKnownFileType = sourcecode.swift; path = HabitDetailsViewController.swift; sourceTree = "<group>"; };
		4341600C283507E200973F1B /* DetailsTableViewCell.swift */ = {isa = PBXFileReference; lastKnownFileType = sourcecode.swift; path = DetailsTableViewCell.swift; sourceTree = "<group>"; };
		439E2F27282E6B9D00298F2E /* MyHabits.app */ = {isa = PBXFileReference; explicitFileType = wrapper.application; includeInIndex = 0; path = MyHabits.app; sourceTree = BUILT_PRODUCTS_DIR; };
		439E2F2A282E6B9D00298F2E /* AppDelegate.swift */ = {isa = PBXFileReference; lastKnownFileType = sourcecode.swift; path = AppDelegate.swift; sourceTree = "<group>"; };
		439E2F2C282E6B9D00298F2E /* SceneDelegate.swift */ = {isa = PBXFileReference; lastKnownFileType = sourcecode.swift; path = SceneDelegate.swift; sourceTree = "<group>"; };
		439E2F2E282E6B9D00298F2E /* ViewController.swift */ = {isa = PBXFileReference; lastKnownFileType = sourcecode.swift; path = ViewController.swift; sourceTree = "<group>"; };
		439E2F31282E6B9D00298F2E /* Base */ = {isa = PBXFileReference; lastKnownFileType = file.storyboard; name = Base; path = Base.lproj/Main.storyboard; sourceTree = "<group>"; };
		439E2F33282E6BA500298F2E /* Assets.xcassets */ = {isa = PBXFileReference; lastKnownFileType = folder.assetcatalog; path = Assets.xcassets; sourceTree = "<group>"; };
		439E2F36282E6BA500298F2E /* Base */ = {isa = PBXFileReference; lastKnownFileType = file.storyboard; name = Base; path = Base.lproj/LaunchScreen.storyboard; sourceTree = "<group>"; };
		439E2F38282E6BA500298F2E /* Info.plist */ = {isa = PBXFileReference; lastKnownFileType = text.plist.xml; path = Info.plist; sourceTree = "<group>"; };
		439E2F3E282E759900298F2E /* HabitsStore.swift */ = {isa = PBXFileReference; lastKnownFileType = sourcecode.swift; path = HabitsStore.swift; sourceTree = "<group>"; };
		439E2F42282E7C5300298F2E /* InfoViewController.swift */ = {isa = PBXFileReference; lastKnownFileType = sourcecode.swift; path = InfoViewController.swift; sourceTree = "<group>"; };
		439E2F44282E7C9B00298F2E /* HabitsViewController.swift */ = {isa = PBXFileReference; lastKnownFileType = sourcecode.swift; path = HabitsViewController.swift; sourceTree = "<group>"; };
		439E2F49282E9D1000298F2E /* AddHabitViewController.swift */ = {isa = PBXFileReference; lastKnownFileType = sourcecode.swift; path = AddHabitViewController.swift; sourceTree = "<group>"; };
		43B454B628323CDF006354FD /* ProgressCollectionViewCell.swift */ = {isa = PBXFileReference; lastKnownFileType = sourcecode.swift; path = ProgressCollectionViewCell.swift; sourceTree = "<group>"; };
		43B454B828323CED006354FD /* HabitCollectionViewCell.swift */ = {isa = PBXFileReference; lastKnownFileType = sourcecode.swift; path = HabitCollectionViewCell.swift; sourceTree = "<group>"; };
		43B454BB28328F3F006354FD /* UIView+Extension.swift */ = {isa = PBXFileReference; fileEncoding = 4; lastKnownFileType = sourcecode.swift; path = "UIView+Extension.swift"; sourceTree = "<group>"; };
		43BAE8A12833A92C003E852F /* CheckMark.swift */ = {isa = PBXFileReference; lastKnownFileType = sourcecode.swift; path = CheckMark.swift; sourceTree = "<group>"; };
		43DA4A552843BC4F0001DAC3 /* TableViewCell.swift */ = {isa = PBXFileReference; lastKnownFileType = sourcecode.swift; path = TableViewCell.swift; sourceTree = "<group>"; };
		43EDE4BC28393E1500F66456 /* LaunchHabbitViewController.swift */ = {isa = PBXFileReference; lastKnownFileType = sourcecode.swift; path = LaunchHabbitViewController.swift; sourceTree = "<group>"; };
/* End PBXFileReference section */

/* Begin PBXFrameworksBuildPhase section */
		439E2F24282E6B9D00298F2E /* Frameworks */ = {
			isa = PBXFrameworksBuildPhase;
			buildActionMask = 2147483647;
			files = (
			);
			runOnlyForDeploymentPostprocessing = 0;
		};
/* End PBXFrameworksBuildPhase section */

/* Begin PBXGroup section */
		439E2F1E282E6B9D00298F2E = {
			isa = PBXGroup;
			children = (
				439E2F29282E6B9D00298F2E /* MyHabits */,
				439E2F28282E6B9D00298F2E /* Products */,
			);
			sourceTree = "<group>";
		};
		439E2F28282E6B9D00298F2E /* Products */ = {
			isa = PBXGroup;
			children = (
				439E2F27282E6B9D00298F2E /* MyHabits.app */,
			);
			name = Products;
			sourceTree = "<group>";
		};
		439E2F29282E6B9D00298F2E /* MyHabits */ = {
			isa = PBXGroup;
			children = (
				43EDE4BC28393E1500F66456 /* LaunchHabbitViewController.swift */,
				43BAE8A12833A92C003E852F /* CheckMark.swift */,
				439E2F48282E8EED00298F2E /* SupportingFiles */,
				43B454BA28324048006354FD /* Cell */,
				439E2F47282E8EE100298F2E /* Model */,
				439E2F46282E8EC500298F2E /* Controllers */,
				439E2F33282E6BA500298F2E /* Assets.xcassets */,
				439E2F35282E6BA500298F2E /* LaunchScreen.storyboard */,
				439E2F38282E6BA500298F2E /* Info.plist */,
			);
			path = MyHabits;
			sourceTree = "<group>";
		};
		439E2F46282E8EC500298F2E /* Controllers */ = {
			isa = PBXGroup;
			children = (
				439E2F44282E7C9B00298F2E /* HabitsViewController.swift */,
				439E2F49282E9D1000298F2E /* AddHabitViewController.swift */,
				4341600A2834FCD500973F1B /* HabitDetailsViewController.swift */,
				434160082834ECBA00973F1B /* EditHabbitViewController.swift */,
				439E2F42282E7C5300298F2E /* InfoViewController.swift */,
				439E2F30282E6B9D00298F2E /* Main.storyboard */,
			);
			path = Controllers;
			sourceTree = "<group>";
		};
		439E2F47282E8EE100298F2E /* Model */ = {
			isa = PBXGroup;
			children = (
				439E2F3E282E759900298F2E /* HabitsStore.swift */,
			);
			path = Model;
			sourceTree = "<group>";
		};
		439E2F48282E8EED00298F2E /* SupportingFiles */ = {
			isa = PBXGroup;
			children = (
				439E2F2E282E6B9D00298F2E /* ViewController.swift */,
				439E2F2C282E6B9D00298F2E /* SceneDelegate.swift */,
				439E2F2A282E6B9D00298F2E /* AppDelegate.swift */,
			);
			path = SupportingFiles;
			sourceTree = "<group>";
		};
		43B454BA28324048006354FD /* Cell */ = {
			isa = PBXGroup;
			children = (
				43DA4A552843BC4F0001DAC3 /* TableViewCell.swift */,
				43B454B828323CED006354FD /* HabitCollectionViewCell.swift */,
				4341600C283507E200973F1B /* DetailsTableViewCell.swift */,
				43B454B628323CDF006354FD /* ProgressCollectionViewCell.swift */,
				43B454BB28328F3F006354FD /* UIView+Extension.swift */,
			);
			path = Cell;
			sourceTree = "<group>";
		};
/* End PBXGroup section */

/* Begin PBXNativeTarget section */
		439E2F26282E6B9D00298F2E /* MyHabits */ = {
			isa = PBXNativeTarget;
			buildConfigurationList = 439E2F3B282E6BA500298F2E /* Build configuration list for PBXNativeTarget "MyHabits" */;
			buildPhases = (
				439E2F23282E6B9D00298F2E /* Sources */,
				439E2F24282E6B9D00298F2E /* Frameworks */,
				439E2F25282E6B9D00298F2E /* Resources */,
			);
			buildRules = (
			);
			dependencies = (
			);
			name = MyHabits;
			productName = MyHabits;
			productReference = 439E2F27282E6B9D00298F2E /* MyHabits.app */;
			productType = "com.apple.product-type.application";
		};
/* End PBXNativeTarget section */

/* Begin PBXProject section */
		439E2F1F282E6B9D00298F2E /* Project object */ = {
			isa = PBXProject;
			attributes = {
				BuildIndependentTargetsInParallel = 1;
				LastSwiftUpdateCheck = 1320;
				LastUpgradeCheck = 1320;
				TargetAttributes = {
					439E2F26282E6B9D00298F2E = {
						CreatedOnToolsVersion = 13.2;
					};
				};
			};
			buildConfigurationList = 439E2F22282E6B9D00298F2E /* Build configuration list for PBXProject "MyHabits" */;
			compatibilityVersion = "Xcode 13.0";
			developmentRegion = en;
			hasScannedForEncodings = 0;
			knownRegions = (
				en,
				Base,
			);
			mainGroup = 439E2F1E282E6B9D00298F2E;
			productRefGroup = 439E2F28282E6B9D00298F2E /* Products */;
			projectDirPath = "";
			projectRoot = "";
			targets = (
				439E2F26282E6B9D00298F2E /* MyHabits */,
			);
		};
/* End PBXProject section */

/* Begin PBXResourcesBuildPhase section */
		439E2F25282E6B9D00298F2E /* Resources */ = {
			isa = PBXResourcesBuildPhase;
			buildActionMask = 2147483647;
			files = (
				439E2F37282E6BA500298F2E /* LaunchScreen.storyboard in Resources */,
				439E2F34282E6BA500298F2E /* Assets.xcassets in Resources */,
				439E2F32282E6B9D00298F2E /* Main.storyboard in Resources */,
			);
			runOnlyForDeploymentPostprocessing = 0;
		};
/* End PBXResourcesBuildPhase section */

/* Begin PBXSourcesBuildPhase section */
		439E2F23282E6B9D00298F2E /* Sources */ = {
			isa = PBXSourcesBuildPhase;
			buildActionMask = 2147483647;
			files = (
				4341600B2834FCD500973F1B /* HabitDetailsViewController.swift in Sources */,
				43DA4A562843BC4F0001DAC3 /* TableViewCell.swift in Sources */,
				439E2F3F282E759900298F2E /* HabitsStore.swift in Sources */,
				439E2F45282E7C9B00298F2E /* HabitsViewController.swift in Sources */,
				43B454B928323CED006354FD /* HabitCollectionViewCell.swift in Sources */,
				439E2F4A282E9D1000298F2E /* AddHabitViewController.swift in Sources */,
				439E2F2F282E6B9D00298F2E /* ViewController.swift in Sources */,
				4341600D283507E200973F1B /* DetailsTableViewCell.swift in Sources */,
				434160092834ECBA00973F1B /* EditHabbitViewController.swift in Sources */,
				439E2F2B282E6B9D00298F2E /* AppDelegate.swift in Sources */,
				439E2F43282E7C5300298F2E /* InfoViewController.swift in Sources */,
				43B454B728323CDF006354FD /* ProgressCollectionViewCell.swift in Sources */,
				43BAE8A22833A92C003E852F /* CheckMark.swift in Sources */,
				43B454BC28328F3F006354FD /* UIView+Extension.swift in Sources */,
				43EDE4BD28393E1500F66456 /* LaunchHabbitViewController.swift in Sources */,
				439E2F2D282E6B9D00298F2E /* SceneDelegate.swift in Sources */,
			);
			runOnlyForDeploymentPostprocessing = 0;
		};
/* End PBXSourcesBuildPhase section */

/* Begin PBXVariantGroup section */
		439E2F30282E6B9D00298F2E /* Main.storyboard */ = {
			isa = PBXVariantGroup;
			children = (
				439E2F31282E6B9D00298F2E /* Base */,
			);
			name = Main.storyboard;
			sourceTree = "<group>";
		};
		439E2F35282E6BA500298F2E /* LaunchScreen.storyboard */ = {
			isa = PBXVariantGroup;
			children = (
				439E2F36282E6BA500298F2E /* Base */,
			);
			name = LaunchScreen.storyboard;
			sourceTree = "<group>";
		};
/* End PBXVariantGroup section */

/* Begin XCBuildConfiguration section */
		439E2F39282E6BA500298F2E /* Debug */ = {
			isa = XCBuildConfiguration;
			buildSettings = {
				ALWAYS_SEARCH_USER_PATHS = NO;
				CLANG_ANALYZER_NONNULL = YES;
				CLANG_ANALYZER_NUMBER_OBJECT_CONVERSION = YES_AGGRESSIVE;
				CLANG_CXX_LANGUAGE_STANDARD = "gnu++17";
				CLANG_CXX_LIBRARY = "libc++";
				CLANG_ENABLE_MODULES = YES;
				CLANG_ENABLE_OBJC_ARC = YES;
				CLANG_ENABLE_OBJC_WEAK = YES;
				CLANG_WARN_BLOCK_CAPTURE_AUTORELEASING = YES;
				CLANG_WARN_BOOL_CONVERSION = YES;
				CLANG_WARN_COMMA = YES;
				CLANG_WARN_CONSTANT_CONVERSION = YES;
				CLANG_WARN_DEPRECATED_OBJC_IMPLEMENTATIONS = YES;
				CLANG_WARN_DIRECT_OBJC_ISA_USAGE = YES_ERROR;
				CLANG_WARN_DOCUMENTATION_COMMENTS = YES;
				CLANG_WARN_EMPTY_BODY = YES;
				CLANG_WARN_ENUM_CONVERSION = YES;
				CLANG_WARN_INFINITE_RECURSION = YES;
				CLANG_WARN_INT_CONVERSION = YES;
				CLANG_WARN_NON_LITERAL_NULL_CONVERSION = YES;
				CLANG_WARN_OBJC_IMPLICIT_RETAIN_SELF = YES;
				CLANG_WARN_OBJC_LITERAL_CONVERSION = YES;
				CLANG_WARN_OBJC_ROOT_CLASS = YES_ERROR;
				CLANG_WARN_QUOTED_INCLUDE_IN_FRAMEWORK_HEADER = YES;
				CLANG_WARN_RANGE_LOOP_ANALYSIS = YES;
				CLANG_WARN_STRICT_PROTOTYPES = YES;
				CLANG_WARN_SUSPICIOUS_MOVE = YES;
				CLANG_WARN_UNGUARDED_AVAILABILITY = YES_AGGRESSIVE;
				CLANG_WARN_UNREACHABLE_CODE = YES;
				CLANG_WARN__DUPLICATE_METHOD_MATCH = YES;
				COPY_PHASE_STRIP = NO;
				DEBUG_INFORMATION_FORMAT = dwarf;
				ENABLE_STRICT_OBJC_MSGSEND = YES;
				ENABLE_TESTABILITY = YES;
				GCC_C_LANGUAGE_STANDARD = gnu11;
				GCC_DYNAMIC_NO_PIC = NO;
				GCC_NO_COMMON_BLOCKS = YES;
				GCC_OPTIMIZATION_LEVEL = 0;
				GCC_PREPROCESSOR_DEFINITIONS = (
					"DEBUG=1",
					"$(inherited)",
				);
				GCC_WARN_64_TO_32_BIT_CONVERSION = YES;
				GCC_WARN_ABOUT_RETURN_TYPE = YES_ERROR;
				GCC_WARN_UNDECLARED_SELECTOR = YES;
				GCC_WARN_UNINITIALIZED_AUTOS = YES_AGGRESSIVE;
				GCC_WARN_UNUSED_FUNCTION = YES;
				GCC_WARN_UNUSED_VARIABLE = YES;
				IPHONEOS_DEPLOYMENT_TARGET = 15.2;
				MTL_ENABLE_DEBUG_INFO = INCLUDE_SOURCE;
				MTL_FAST_MATH = YES;
				ONLY_ACTIVE_ARCH = YES;
				SDKROOT = iphoneos;
				SWIFT_ACTIVE_COMPILATION_CONDITIONS = DEBUG;
				SWIFT_OPTIMIZATION_LEVEL = "-Onone";
			};
			name = Debug;
		};
		439E2F3A282E6BA500298F2E /* Release */ = {
			isa = XCBuildConfiguration;
			buildSettings = {
				ALWAYS_SEARCH_USER_PATHS = NO;
				CLANG_ANALYZER_NONNULL = YES;
				CLANG_ANALYZER_NUMBER_OBJECT_CONVERSION = YES_AGGRESSIVE;
				CLANG_CXX_LANGUAGE_STANDARD = "gnu++17";
				CLANG_CXX_LIBRARY = "libc++";
				CLANG_ENABLE_MODULES = YES;
				CLANG_ENABLE_OBJC_ARC = YES;
				CLANG_ENABLE_OBJC_WEAK = YES;
				CLANG_WARN_BLOCK_CAPTURE_AUTORELEASING = YES;
				CLANG_WARN_BOOL_CONVERSION = YES;
				CLANG_WARN_COMMA = YES;
				CLANG_WARN_CONSTANT_CONVERSION = YES;
				CLANG_WARN_DEPRECATED_OBJC_IMPLEMENTATIONS = YES;
				CLANG_WARN_DIRECT_OBJC_ISA_USAGE = YES_ERROR;
				CLANG_WARN_DOCUMENTATION_COMMENTS = YES;
				CLANG_WARN_EMPTY_BODY = YES;
				CLANG_WARN_ENUM_CONVERSION = YES;
				CLANG_WARN_INFINITE_RECURSION = YES;
				CLANG_WARN_INT_CONVERSION = YES;
				CLANG_WARN_NON_LITERAL_NULL_CONVERSION = YES;
				CLANG_WARN_OBJC_IMPLICIT_RETAIN_SELF = YES;
				CLANG_WARN_OBJC_LITERAL_CONVERSION = YES;
				CLANG_WARN_OBJC_ROOT_CLASS = YES_ERROR;
				CLANG_WARN_QUOTED_INCLUDE_IN_FRAMEWORK_HEADER = YES;
				CLANG_WARN_RANGE_LOOP_ANALYSIS = YES;
				CLANG_WARN_STRICT_PROTOTYPES = YES;
				CLANG_WARN_SUSPICIOUS_MOVE = YES;
				CLANG_WARN_UNGUARDED_AVAILABILITY = YES_AGGRESSIVE;
				CLANG_WARN_UNREACHABLE_CODE = YES;
				CLANG_WARN__DUPLICATE_METHOD_MATCH = YES;
				COPY_PHASE_STRIP = NO;
				DEBUG_INFORMATION_FORMAT = "dwarf-with-dsym";
				ENABLE_NS_ASSERTIONS = NO;
				ENABLE_STRICT_OBJC_MSGSEND = YES;
				GCC_C_LANGUAGE_STANDARD = gnu11;
				GCC_NO_COMMON_BLOCKS = YES;
				GCC_WARN_64_TO_32_BIT_CONVERSION = YES;
				GCC_WARN_ABOUT_RETURN_TYPE = YES_ERROR;
				GCC_WARN_UNDECLARED_SELECTOR = YES;
				GCC_WARN_UNINITIALIZED_AUTOS = YES_AGGRESSIVE;
				GCC_WARN_UNUSED_FUNCTION = YES;
				GCC_WARN_UNUSED_VARIABLE = YES;
				IPHONEOS_DEPLOYMENT_TARGET = 15.2;
				MTL_ENABLE_DEBUG_INFO = NO;
				MTL_FAST_MATH = YES;
				SDKROOT = iphoneos;
				SWIFT_COMPILATION_MODE = wholemodule;
				SWIFT_OPTIMIZATION_LEVEL = "-O";
				VALIDATE_PRODUCT = YES;
			};
			name = Release;
		};
		439E2F3C282E6BA500298F2E /* Debug */ = {
			isa = XCBuildConfiguration;
			buildSettings = {
				ASSETCATALOG_COMPILER_APPICON_NAME = AppIcon;
				ASSETCATALOG_COMPILER_GLOBAL_ACCENT_COLOR_NAME = AccentColor;
				CODE_SIGN_STYLE = Automatic;
				CURRENT_PROJECT_VERSION = 1;
				DEVELOPMENT_TEAM = 5K6Q3VCR94;
				GENERATE_INFOPLIST_FILE = YES;
				INFOPLIST_FILE = MyHabits/Info.plist;
				INFOPLIST_KEY_UIApplicationSupportsIndirectInputEvents = YES;
				INFOPLIST_KEY_UILaunchStoryboardName = LaunchScreen;
				INFOPLIST_KEY_UIMainStoryboardFile = Main;
				INFOPLIST_KEY_UISupportedInterfaceOrientations_iPad = "UIInterfaceOrientationPortrait UIInterfaceOrientationPortraitUpsideDown UIInterfaceOrientationLandscapeLeft UIInterfaceOrientationLandscapeRight";
				INFOPLIST_KEY_UISupportedInterfaceOrientations_iPhone = "UIInterfaceOrientationPortrait UIInterfaceOrientationLandscapeLeft UIInterfaceOrientationLandscapeRight";
				LD_RUNPATH_SEARCH_PATHS = (
					"$(inherited)",
					"@executable_path/Frameworks",
				);
				MARKETING_VERSION = 1.0;
				PRODUCT_BUNDLE_IDENTIFIER = Frinantelin.MyHabits;
				PRODUCT_NAME = "$(TARGET_NAME)";
				SWIFT_EMIT_LOC_STRINGS = YES;
				SWIFT_VERSION = 5.0;
				TARGETED_DEVICE_FAMILY = "1,2";
			};
			name = Debug;
		};
		439E2F3D282E6BA500298F2E /* Release */ = {
			isa = XCBuildConfiguration;
			buildSettings = {
				ASSETCATALOG_COMPILER_APPICON_NAME = AppIcon;
				ASSETCATALOG_COMPILER_GLOBAL_ACCENT_COLOR_NAME = AccentColor;
				CODE_SIGN_STYLE = Automatic;
				CURRENT_PROJECT_VERSION = 1;
				DEVELOPMENT_TEAM = 5K6Q3VCR94;
				GENERATE_INFOPLIST_FILE = YES;
				INFOPLIST_FILE = MyHabits/Info.plist;
				INFOPLIST_KEY_UIApplicationSupportsIndirectInputEvents = YES;
				INFOPLIST_KEY_UILaunchStoryboardName = LaunchScreen;
				INFOPLIST_KEY_UIMainStoryboardFile = Main;
				INFOPLIST_KEY_UISupportedInterfaceOrientations_iPad = "UIInterfaceOrientationPortrait UIInterfaceOrientationPortraitUpsideDown UIInterfaceOrientationLandscapeLeft UIInterfaceOrientationLandscapeRight";
				INFOPLIST_KEY_UISupportedInterfaceOrientations_iPhone = "UIInterfaceOrientationPortrait UIInterfaceOrientationLandscapeLeft UIInterfaceOrientationLandscapeRight";
				LD_RUNPATH_SEARCH_PATHS = (
					"$(inherited)",
					"@executable_path/Frameworks",
				);
				MARKETING_VERSION = 1.0;
				PRODUCT_BUNDLE_IDENTIFIER = Frinantelin.MyHabits;
				PRODUCT_NAME = "$(TARGET_NAME)";
				SWIFT_EMIT_LOC_STRINGS = YES;
				SWIFT_VERSION = 5.0;
				TARGETED_DEVICE_FAMILY = "1,2";
			};
			name = Release;
		};
/* End XCBuildConfiguration section */

/* Begin XCConfigurationList section */
		439E2F22282E6B9D00298F2E /* Build configuration list for PBXProject "MyHabits" */ = {
			isa = XCConfigurationList;
			buildConfigurations = (
				439E2F39282E6BA500298F2E /* Debug */,
				439E2F3A282E6BA500298F2E /* Release */,
			);
			defaultConfigurationIsVisible = 0;
			defaultConfigurationName = Release;
		};
		439E2F3B282E6BA500298F2E /* Build configuration list for PBXNativeTarget "MyHabits" */ = {
			isa = XCConfigurationList;
			buildConfigurations = (
				439E2F3C282E6BA500298F2E /* Debug */,
				439E2F3D282E6BA500298F2E /* Release */,
			);
			defaultConfigurationIsVisible = 0;
			defaultConfigurationName = Release;
		};
/* End XCConfigurationList section */
	};
	rootObject = 439E2F1F282E6B9D00298F2E /* Project object */;
}
